
Microsoft Visual Studio Solution File, Format Version 12.00
# Visual Studio Version 17
VisualStudioVersion = 17.10.34928.147
MinimumVisualStudioVersion = 10.0.40219.1
Project("{9A19103F-16F7-4668-BE54-9A1E7A4F7556}") = "OpenAIWebApp", "OpenAIWebApp.csproj", "{65713A1A-CCD1-4A35-8D5C-CBDE1FED4EC5}"
EndProject
Project("{9A19103F-16F7-4668-BE54-9A1E7A4F7556}") = "System.ClientModel", "..\..\azure-sdk-for-net\sdk\core\System.ClientModel\src\System.ClientModel.csproj", "{560F3502-4582-4CEB-AC9B-88D001FFAFB7}"
EndProject
Project("{9A19103F-16F7-4668-BE54-9A1E7A4F7556}") = "OpenAI", "..\..\openai-in-typespec\.dotnet\src\OpenAI.csproj", "{CA51E9AB-10FE-471D-A1EF-D746236741FD}"
EndProject
Global
	GlobalSection(SolutionConfigurationPlatforms) = preSolution
		Debug|Any CPU = Debug|Any CPU
		Release|Any CPU = Release|Any CPU
		Unsigned|Any CPU = Unsigned|Any CPU
	EndGlobalSection
	GlobalSection(ProjectConfigurationPlatforms) = postSolution
		{65713A1A-CCD1-4A35-8D5C-CBDE1FED4EC5}.Debug|Any CPU.ActiveCfg = Debug|Any CPU
		{65713A1A-CCD1-4A35-8D5C-CBDE1FED4EC5}.Debug|Any CPU.Build.0 = Debug|Any CPU
		{65713A1A-CCD1-4A35-8D5C-CBDE1FED4EC5}.Release|Any CPU.ActiveCfg = Release|Any CPU
		{65713A1A-CCD1-4A35-8D5C-CBDE1FED4EC5}.Release|Any CPU.Build.0 = Release|Any CPU
		{65713A1A-CCD1-4A35-8D5C-CBDE1FED4EC5}.Unsigned|Any CPU.ActiveCfg = Release|Any CPU
		{65713A1A-CCD1-4A35-8D5C-CBDE1FED4EC5}.Unsigned|Any CPU.Build.0 = Release|Any CPU
		{560F3502-4582-4CEB-AC9B-88D001FFAFB7}.Debug|Any CPU.ActiveCfg = Debug|Any CPU
		{560F3502-4582-4CEB-AC9B-88D001FFAFB7}.Debug|Any CPU.Build.0 = Debug|Any CPU
		{560F3502-4582-4CEB-AC9B-88D001FFAFB7}.Release|Any CPU.ActiveCfg = Release|Any CPU
		{560F3502-4582-4CEB-AC9B-88D001FFAFB7}.Release|Any CPU.Build.0 = Release|Any CPU
		{560F3502-4582-4CEB-AC9B-88D001FFAFB7}.Unsigned|Any CPU.ActiveCfg = Debug|Any CPU
		{560F3502-4582-4CEB-AC9B-88D001FFAFB7}.Unsigned|Any CPU.Build.0 = Debug|Any CPU
		{CA51E9AB-10FE-471D-A1EF-D746236741FD}.Debug|Any CPU.ActiveCfg = Debug|Any CPU
		{CA51E9AB-10FE-471D-A1EF-D746236741FD}.Debug|Any CPU.Build.0 = Debug|Any CPU
		{CA51E9AB-10FE-471D-A1EF-D746236741FD}.Release|Any CPU.ActiveCfg = Release|Any CPU
		{CA51E9AB-10FE-471D-A1EF-D746236741FD}.Release|Any CPU.Build.0 = Release|Any CPU
		{CA51E9AB-10FE-471D-A1EF-D746236741FD}.Unsigned|Any CPU.ActiveCfg = Unsigned|Any CPU
		{CA51E9AB-10FE-471D-A1EF-D746236741FD}.Unsigned|Any CPU.Build.0 = Unsigned|Any CPU
	EndGlobalSection
	GlobalSection(SolutionProperties) = preSolution
		HideSolutionNode = FALSE
	EndGlobalSection
	GlobalSection(ExtensibilityGlobals) = postSolution
		SolutionGuid = {E2F1DE75-7E5D-457F-9335-34CC839BA0C1}
	EndGlobalSection
EndGlobal
